
Microsoft Visual Studio Solution File, Format Version 12.00
# Visual Studio 15
VisualStudioVersion = 15.0.28307.489
MinimumVisualStudioVersion = 10.0.40219.1
Project("{8BC9CEB8-8B4A-11D0-8D11-00A0C91BC942}") = "FinalExamCPP", "FinalExamCPP\FinalExamCPP.vcxproj", "{5F288190-3BA0-494E-B35D-4B002B42CB1C}"
EndProject
Global
	GlobalSection(SolutionConfigurationPlatforms) = preSolution
		Debug|x64 = Debug|x64
		Debug|x86 = Debug|x86
		Release|x64 = Release|x64
		Release|x86 = Release|x86
	EndGlobalSection
	GlobalSection(ProjectConfigurationPlatforms) = postSolution
		{5F288190-3BA0-494E-B35D-4B002B42CB1C}.Debug|x64.ActiveCfg = Debug|x64
		{5F288190-3BA0-494E-B35D-4B002B42CB1C}.Debug|x64.Build.0 = Debug|x64
		{5F288190-3BA0-494E-B35D-4B002B42CB1C}.Debug|x86.ActiveCfg = Debug|Win32
		{5F288190-3BA0-494E-B35D-4B002B42CB1C}.Debug|x86.Build.0 = Debug|Win32
		{5F288190-3BA0-494E-B35D-4B002B42CB1C}.Release|x64.ActiveCfg = Release|x64
		{5F288190-3BA0-494E-B35D-4B002B42CB1C}.Release|x64.Build.0 = Release|x64
		{5F288190-3BA0-494E-B35D-4B002B42CB1C}.Release|x86.ActiveCfg = Release|Win32
		{5F288190-3BA0-494E-B35D-4B002B42CB1C}.Release|x86.Build.0 = Release|Win32
	EndGlobalSection
	GlobalSection(SolutionProperties) = preSolution
		HideSolutionNode = FALSE
	EndGlobalSection
	GlobalSection(ExtensibilityGlobals) = postSolution
		SolutionGuid = {6DE01A03-B35E-410C-80C3-C16AB9B06849}
	EndGlobalSection
EndGlobal
